
Microsoft Visual Studio Solution File, Format Version 12.00
# Visual Studio Version 17
VisualStudioVersion = 17.14.36401.2 d17.14
MinimumVisualStudioVersion = 10.0.40219.1
Project("{FAE04EC0-301F-11D3-BF4B-00C04F79EFBC}") = "10_lesson", "10_lesson\10_lesson.csproj", "{AC3D6CD0-00DD-4B2A-8C11-8EF697AB6D6B}"
EndProject
Global
	GlobalSection(SolutionConfigurationPlatforms) = preSolution
		Debug|Any CPU = Debug|Any CPU
		Release|Any CPU = Release|Any CPU
	EndGlobalSection
	GlobalSection(ProjectConfigurationPlatforms) = postSolution
		{AC3D6CD0-00DD-4B2A-8C11-8EF697AB6D6B}.Debug|Any CPU.ActiveCfg = Debug|Any CPU
		{AC3D6CD0-00DD-4B2A-8C11-8EF697AB6D6B}.Debug|Any CPU.Build.0 = Debug|Any CPU
		{AC3D6CD0-00DD-4B2A-8C11-8EF697AB6D6B}.Release|Any CPU.ActiveCfg = Release|Any CPU
		{AC3D6CD0-00DD-4B2A-8C11-8EF697AB6D6B}.Release|Any CPU.Build.0 = Release|Any CPU
	EndGlobalSection
	GlobalSection(SolutionProperties) = preSolution
		HideSolutionNode = FALSE
	EndGlobalSection
	GlobalSection(ExtensibilityGlobals) = postSolution
		SolutionGuid = {1143EC44-37E0-45C7-AA47-93CC9115912F}
	EndGlobalSection
EndGlobal
